<Solution>
  <Project Path="../openkogama-photon/openkogama-photon.csproj" />
  <Project Path="openkogama-server.csproj" />
  <Project Path="api/openkogama-api.csproj" />
  <Project Path="examples/welcome/welcome.csproj" />
  <Project Path="examples/xp/xp.csproj" />
  <Project Path="examples/sandbox/sandbox.csproj" />
  <Project Path="examples/deadzone/deadzone.csproj" />
</Solution>
